
Microsoft Visual Studio Solution File, Format Version 12.00
# Visual Studio Version 17
VisualStudioVersion = 17.5.002.0
MinimumVisualStudioVersion = 10.0.40219.1
Project("{9A19103F-16F7-4668-BE54-9A1E7A4F7556}") = "RestApi", "RestApi\RestApi.csproj", "{ABDA3D42-2832-4788-8402-B00F78B9134F}"
EndProject
Global
	GlobalSection(SolutionConfigurationPlatforms) = preSolution
		Debug|Any CPU = Debug|Any CPU
		Release|Any CPU = Release|Any CPU
	EndGlobalSection
	GlobalSection(ProjectConfigurationPlatforms) = postSolution
		{ABDA3D42-2832-4788-8402-B00F78B9134F}.Debug|Any CPU.ActiveCfg = Debug|Any CPU
		{ABDA3D42-2832-4788-8402-B00F78B9134F}.Debug|Any CPU.Build.0 = Debug|Any CPU
		{ABDA3D42-2832-4788-8402-B00F78B9134F}.Release|Any CPU.ActiveCfg = Release|Any CPU
		{ABDA3D42-2832-4788-8402-B00F78B9134F}.Release|Any CPU.Build.0 = Release|Any CPU
	EndGlobalSection
	GlobalSection(SolutionProperties) = preSolution
		HideSolutionNode = FALSE
	EndGlobalSection
	GlobalSection(ExtensibilityGlobals) = postSolution
		SolutionGuid = {4404A85A-609D-47DA-9C57-35161284426E}
	EndGlobalSection
EndGlobal
